
Microsoft Visual Studio Solution File, Format Version 12.00
# Visual Studio Version 16
VisualStudioVersion = 16.0.28803.352
MinimumVisualStudioVersion = 10.0.40219.1
Project("{FAE04EC0-301F-11D3-BF4B-00C04F79EFBC}") = "WebEmprestimo", "WebEmprestimo\WebEmprestimo.csproj", "{9DD76B9C-C162-40A7-AD28-1A764F037E5B}"
EndProject
Project("{FAE04EC0-301F-11D3-BF4B-00C04F79EFBC}") = "Util", "Util\Util.csproj", "{255B0719-5C6A-4EE9-8A14-FAA17D9ECD61}"
EndProject
Project("{FAE04EC0-301F-11D3-BF4B-00C04F79EFBC}") = "Model", "Model\Model.csproj", "{1FEE1A40-99F1-4FBE-811B-79519C1036F8}"
EndProject
Project("{FAE04EC0-301F-11D3-BF4B-00C04F79EFBC}") = "Data", "Data\Data.csproj", "{2D5818E1-4288-4070-B67D-F588395BEE41}"
EndProject
Global
	GlobalSection(SolutionConfigurationPlatforms) = preSolution
		Debug|Any CPU = Debug|Any CPU
		Release|Any CPU = Release|Any CPU
	EndGlobalSection
	GlobalSection(ProjectConfigurationPlatforms) = postSolution
		{9DD76B9C-C162-40A7-AD28-1A764F037E5B}.Debug|Any CPU.ActiveCfg = Debug|Any CPU
		{9DD76B9C-C162-40A7-AD28-1A764F037E5B}.Debug|Any CPU.Build.0 = Debug|Any CPU
		{9DD76B9C-C162-40A7-AD28-1A764F037E5B}.Release|Any CPU.ActiveCfg = Release|Any CPU
		{9DD76B9C-C162-40A7-AD28-1A764F037E5B}.Release|Any CPU.Build.0 = Release|Any CPU
		{255B0719-5C6A-4EE9-8A14-FAA17D9ECD61}.Debug|Any CPU.ActiveCfg = Debug|Any CPU
		{255B0719-5C6A-4EE9-8A14-FAA17D9ECD61}.Debug|Any CPU.Build.0 = Debug|Any CPU
		{255B0719-5C6A-4EE9-8A14-FAA17D9ECD61}.Release|Any CPU.ActiveCfg = Release|Any CPU
		{255B0719-5C6A-4EE9-8A14-FAA17D9ECD61}.Release|Any CPU.Build.0 = Release|Any CPU
		{1FEE1A40-99F1-4FBE-811B-79519C1036F8}.Debug|Any CPU.ActiveCfg = Debug|Any CPU
		{1FEE1A40-99F1-4FBE-811B-79519C1036F8}.Debug|Any CPU.Build.0 = Debug|Any CPU
		{1FEE1A40-99F1-4FBE-811B-79519C1036F8}.Release|Any CPU.ActiveCfg = Release|Any CPU
		{1FEE1A40-99F1-4FBE-811B-79519C1036F8}.Release|Any CPU.Build.0 = Release|Any CPU
		{2D5818E1-4288-4070-B67D-F588395BEE41}.Debug|Any CPU.ActiveCfg = Debug|Any CPU
		{2D5818E1-4288-4070-B67D-F588395BEE41}.Debug|Any CPU.Build.0 = Debug|Any CPU
		{2D5818E1-4288-4070-B67D-F588395BEE41}.Release|Any CPU.ActiveCfg = Release|Any CPU
		{2D5818E1-4288-4070-B67D-F588395BEE41}.Release|Any CPU.Build.0 = Release|Any CPU
	EndGlobalSection
	GlobalSection(SolutionProperties) = preSolution
		HideSolutionNode = FALSE
	EndGlobalSection
	GlobalSection(ExtensibilityGlobals) = postSolution
		SolutionGuid = {946B1F79-65E9-4563-8F8D-55A5617C1FDD}
	EndGlobalSection
EndGlobal
