
Microsoft Visual Studio Solution File, Format Version 12.00
# Visual Studio 15
VisualStudioVersion = 15.0.28307.572
MinimumVisualStudioVersion = 10.0.40219.1
Project("{FAE04EC0-301F-11D3-BF4B-00C04F79EFBC}") = "WebCadastro", "WebCadastro\WebCadastro.csproj", "{ABCC95F0-E954-428E-B3AF-7DD3FAD96EDE}"
EndProject
Project("{FAE04EC0-301F-11D3-BF4B-00C04F79EFBC}") = "Model", "Model\Model.csproj", "{EAC258A9-BA64-49B1-BC56-533A819DD164}"
EndProject
Project("{FAE04EC0-301F-11D3-BF4B-00C04F79EFBC}") = "Util", "Util\Util.csproj", "{97A44896-457B-4121-85B2-8B396AD43DE3}"
EndProject
Project("{FAE04EC0-301F-11D3-BF4B-00C04F79EFBC}") = "Data", "Data\Data.csproj", "{69A79AF0-EA79-49E3-8358-2E05220300B9}"
EndProject
Global
	GlobalSection(SolutionConfigurationPlatforms) = preSolution
		Debug|Any CPU = Debug|Any CPU
		Release|Any CPU = Release|Any CPU
	EndGlobalSection
	GlobalSection(ProjectConfigurationPlatforms) = postSolution
		{ABCC95F0-E954-428E-B3AF-7DD3FAD96EDE}.Debug|Any CPU.ActiveCfg = Debug|Any CPU
		{ABCC95F0-E954-428E-B3AF-7DD3FAD96EDE}.Debug|Any CPU.Build.0 = Debug|Any CPU
		{ABCC95F0-E954-428E-B3AF-7DD3FAD96EDE}.Release|Any CPU.ActiveCfg = Release|Any CPU
		{ABCC95F0-E954-428E-B3AF-7DD3FAD96EDE}.Release|Any CPU.Build.0 = Release|Any CPU
		{EAC258A9-BA64-49B1-BC56-533A819DD164}.Debug|Any CPU.ActiveCfg = Debug|Any CPU
		{EAC258A9-BA64-49B1-BC56-533A819DD164}.Debug|Any CPU.Build.0 = Debug|Any CPU
		{EAC258A9-BA64-49B1-BC56-533A819DD164}.Release|Any CPU.ActiveCfg = Release|Any CPU
		{EAC258A9-BA64-49B1-BC56-533A819DD164}.Release|Any CPU.Build.0 = Release|Any CPU
		{97A44896-457B-4121-85B2-8B396AD43DE3}.Debug|Any CPU.ActiveCfg = Debug|Any CPU
		{97A44896-457B-4121-85B2-8B396AD43DE3}.Debug|Any CPU.Build.0 = Debug|Any CPU
		{97A44896-457B-4121-85B2-8B396AD43DE3}.Release|Any CPU.ActiveCfg = Release|Any CPU
		{97A44896-457B-4121-85B2-8B396AD43DE3}.Release|Any CPU.Build.0 = Release|Any CPU
		{69A79AF0-EA79-49E3-8358-2E05220300B9}.Debug|Any CPU.ActiveCfg = Debug|Any CPU
		{69A79AF0-EA79-49E3-8358-2E05220300B9}.Debug|Any CPU.Build.0 = Debug|Any CPU
		{69A79AF0-EA79-49E3-8358-2E05220300B9}.Release|Any CPU.ActiveCfg = Release|Any CPU
		{69A79AF0-EA79-49E3-8358-2E05220300B9}.Release|Any CPU.Build.0 = Release|Any CPU
	EndGlobalSection
	GlobalSection(SolutionProperties) = preSolution
		HideSolutionNode = FALSE
	EndGlobalSection
	GlobalSection(ExtensibilityGlobals) = postSolution
		SolutionGuid = {155A562B-9FA0-421D-8E54-F1C23E714BCD}
	EndGlobalSection
EndGlobal
