
Microsoft Visual Studio Solution File, Format Version 12.00
# Visual Studio 15
VisualStudioVersion = 15.0.28307.421
MinimumVisualStudioVersion = 10.0.40219.1
Project("{FAE04EC0-301F-11D3-BF4B-00C04F79EFBC}") = "Garagem", "Garagem\Garagem.csproj", "{F9E516F9-747D-45DD-8CC6-C563A4DD816E}"
EndProject
Project("{FAE04EC0-301F-11D3-BF4B-00C04F79EFBC}") = "Entidade", "Entidade\Entidade.csproj", "{F4329629-F86C-4F4B-B390-89E6B31EABE7}"
EndProject
Global
	GlobalSection(SolutionConfigurationPlatforms) = preSolution
		Debug|Any CPU = Debug|Any CPU
		Release|Any CPU = Release|Any CPU
	EndGlobalSection
	GlobalSection(ProjectConfigurationPlatforms) = postSolution
		{F9E516F9-747D-45DD-8CC6-C563A4DD816E}.Debug|Any CPU.ActiveCfg = Debug|Any CPU
		{F9E516F9-747D-45DD-8CC6-C563A4DD816E}.Debug|Any CPU.Build.0 = Debug|Any CPU
		{F9E516F9-747D-45DD-8CC6-C563A4DD816E}.Release|Any CPU.ActiveCfg = Release|Any CPU
		{F9E516F9-747D-45DD-8CC6-C563A4DD816E}.Release|Any CPU.Build.0 = Release|Any CPU
		{F4329629-F86C-4F4B-B390-89E6B31EABE7}.Debug|Any CPU.ActiveCfg = Debug|Any CPU
		{F4329629-F86C-4F4B-B390-89E6B31EABE7}.Debug|Any CPU.Build.0 = Debug|Any CPU
		{F4329629-F86C-4F4B-B390-89E6B31EABE7}.Release|Any CPU.ActiveCfg = Release|Any CPU
		{F4329629-F86C-4F4B-B390-89E6B31EABE7}.Release|Any CPU.Build.0 = Release|Any CPU
	EndGlobalSection
	GlobalSection(SolutionProperties) = preSolution
		HideSolutionNode = FALSE
	EndGlobalSection
	GlobalSection(ExtensibilityGlobals) = postSolution
		SolutionGuid = {3D4C134B-1B77-47DC-8842-FD57BBCFAA13}
	EndGlobalSection
EndGlobal
